{
  "name": "CSS Demystified. Start writing CSS with confidence",
  "lockfileVersion": 2,
  "requires": true,
  "packages": {
    "": {
      "dependencies": {
        "normalize.css": "^8.0.1",
        "skeleton-css": "^2.0.4"
      }
    },
    "node_modules/normalize.css": {
      "version": "8.0.1",
      "resolved": "https://registry.npmjs.org/normalize.css/-/normalize.css-8.0.1.tgz",
      "integrity": "sha512-qizSNPO93t1YUuUhP22btGOo3chcvDFqFaj2TRybP0DMxkHOCTYwp3n34fel4a31ORXy4m1Xq0Gyqpb5m33qIg=="
    },
    "node_modules/skeleton-css": {
      "version": "2.0.4",
      "resolved": "https://registry.npmjs.org/skeleton-css/-/skeleton-css-2.0.4.tgz",
      "integrity": "sha1-1w2y8B/oIJrHny9O7oP66KQFkbg="
    }
  },
  "dependencies": {
    "normalize.css": {
      "version": "8.0.1",
      "resolved": "https://registry.npmjs.org/normalize.css/-/normalize.css-8.0.1.tgz",
      "integrity": "sha512-qizSNPO93t1YUuUhP22btGOo3chcvDFqFaj2TRybP0DMxkHOCTYwp3n34fel4a31ORXy4m1Xq0Gyqpb5m33qIg=="
    },
    "skeleton-css": {
      "version": "2.0.4",
      "resolved": "https://registry.npmjs.org/skeleton-css/-/skeleton-css-2.0.4.tgz",
      "integrity": "sha1-1w2y8B/oIJrHny9O7oP66KQFkbg="
    }
  }
}
