{
  "name": "parralle-effect",
  "lockfileVersion": 2,
  "requires": true,
  "packages": {
    "": {
      "dependencies": {
        "@react-spring/parallax": "^9.4.4"
      }
    },
    "node_modules/@react-spring/animated": {
      "version": "9.4.4",
      "resolved": "https://registry.npmjs.org/@react-spring/animated/-/animated-9.4.4.tgz",
      "integrity": "sha512-e9xnuBaUTD+NolKikUmrGWjX8AVCPyj1GcEgjgq9E+0sXKv46UY7cm2EmB6mUDTxWIDVKebARY++xT4nGDraBQ==",
      "dependencies": {
        "@react-spring/shared": "~9.4.4",
        "@react-spring/types": "~9.4.4"
      },
      "peerDependencies": {
        "react": "^16.8.0  || ^17.0.0"
      }
    },
    "node_modules/@react-spring/core": {
      "version": "9.4.4",
      "resolved": "https://registry.npmjs.org/@react-spring/core/-/core-9.4.4.tgz",
      "integrity": "sha512-llgb0ljFyjMB0JhWsaFHOi9XFT8n1jBMVs1IFY2ipIBerWIRWrgUmIpakLPHTa4c4jwqTaDSwX90s2a0iN7dxQ==",
      "dependencies": {
        "@react-spring/animated": "~9.4.4",
        "@react-spring/rafz": "~9.4.4",
        "@react-spring/shared": "~9.4.4",
        "@react-spring/types": "~9.4.4"
      },
      "funding": {
        "type": "opencollective",
        "url": "https://opencollective.com/react-spring/donate"
      },
      "peerDependencies": {
        "react": "^16.8.0  || ^17.0.0"
      }
    },
    "node_modules/@react-spring/parallax": {
      "version": "9.4.4",
      "resolved": "https://registry.npmjs.org/@react-spring/parallax/-/parallax-9.4.4.tgz",
      "integrity": "sha512-Sr9XlrTVOU6pUKEvRfD6gcFGxY5P/9ufNCK7iB6zmMnoocYLYUr/4oBqWauc+DJeHNWtfNJjBINzwvg0x2cN1A==",
      "dependencies": {
        "@react-spring/shared": "~9.4.4",
        "@react-spring/web": "~9.4.4"
      },
      "peerDependencies": {
        "react": "^16.8.0  || ^17.0.0"
      }
    },
    "node_modules/@react-spring/rafz": {
      "version": "9.4.4",
      "resolved": "https://registry.npmjs.org/@react-spring/rafz/-/rafz-9.4.4.tgz",
      "integrity": "sha512-5ki/sQ06Mdf8AuFstSt5zbNNicRT4LZogiJttDAww1ozhuvemafNWEHxhzcULgCPCDu2s7HsroaISV7+GQWrhw=="
    },
    "node_modules/@react-spring/shared": {
      "version": "9.4.4",
      "resolved": "https://registry.npmjs.org/@react-spring/shared/-/shared-9.4.4.tgz",
      "integrity": "sha512-ySVgScDZlhm/+Iy2smY9i/DDrShArY0j6zjTS/Re1lasKnhq8qigoGiAxe8xMPJNlCaj3uczCqHy3TY9bKRtfQ==",
      "dependencies": {
        "@react-spring/rafz": "~9.4.4",
        "@react-spring/types": "~9.4.4"
      },
      "peerDependencies": {
        "react": "^16.8.0  || ^17.0.0"
      }
    },
    "node_modules/@react-spring/types": {
      "version": "9.4.4",
      "resolved": "https://registry.npmjs.org/@react-spring/types/-/types-9.4.4.tgz",
      "integrity": "sha512-KpxKt/D//q/t/6FBcde/RE36LKp8PpWu7kFEMLwpzMGl9RpcexunmYOQJWwmJWtkQjgE1YRr7DzBMryz6La1cQ=="
    },
    "node_modules/@react-spring/web": {
      "version": "9.4.4",
      "resolved": "https://registry.npmjs.org/@react-spring/web/-/web-9.4.4.tgz",
      "integrity": "sha512-iJmOLdhcuizriUlu/xqBc5y8KaFts+UI+iC+GxyTwBtzxA9czKiSAZW2ESuhG8stafa3jncwjfTQQp84KN36cw==",
      "dependencies": {
        "@react-spring/animated": "~9.4.4",
        "@react-spring/core": "~9.4.4",
        "@react-spring/shared": "~9.4.4",
        "@react-spring/types": "~9.4.4"
      },
      "peerDependencies": {
        "react": "^16.8.0  || ^17.0.0",
        "react-dom": "^16.8.0  || ^17.0.0"
      }
    },
    "node_modules/js-tokens": {
      "version": "4.0.0",
      "resolved": "https://registry.npmjs.org/js-tokens/-/js-tokens-4.0.0.tgz",
      "integrity": "sha512-RdJUflcE3cUzKiMqQgsCu06FPu9UdIJO0beYbPhHN4k6apgJtifcoCtT9bcxOpYBtpD2kCM6Sbzg4CausW/PKQ==",
      "peer": true
    },
    "node_modules/loose-envify": {
      "version": "1.4.0",
      "resolved": "https://registry.npmjs.org/loose-envify/-/loose-envify-1.4.0.tgz",
      "integrity": "sha512-lyuxPGr/Wfhrlem2CL/UcnUc1zcqKAImBDzukY7Y5F/yQiNdko6+fRLevlw1HgMySw7f611UIY408EtxRSoK3Q==",
      "peer": true,
      "dependencies": {
        "js-tokens": "^3.0.0 || ^4.0.0"
      },
      "bin": {
        "loose-envify": "cli.js"
      }
    },
    "node_modules/object-assign": {
      "version": "4.1.1",
      "resolved": "https://registry.npmjs.org/object-assign/-/object-assign-4.1.1.tgz",
      "integrity": "sha1-IQmtx5ZYh8/AXLvUQsrIv7s2CGM=",
      "peer": true,
      "engines": {
        "node": ">=0.10.0"
      }
    },
    "node_modules/react": {
      "version": "17.0.2",
      "resolved": "https://registry.npmjs.org/react/-/react-17.0.2.tgz",
      "integrity": "sha512-gnhPt75i/dq/z3/6q/0asP78D0u592D5L1pd7M8P+dck6Fu/jJeL6iVVK23fptSUZj8Vjf++7wXA8UNclGQcbA==",
      "peer": true,
      "dependencies": {
        "loose-envify": "^1.1.0",
        "object-assign": "^4.1.1"
      },
      "engines": {
        "node": ">=0.10.0"
      }
    },
    "node_modules/react-dom": {
      "version": "17.0.2",
      "resolved": "https://registry.npmjs.org/react-dom/-/react-dom-17.0.2.tgz",
      "integrity": "sha512-s4h96KtLDUQlsENhMn1ar8t2bEa+q/YAtj8pPPdIjPDGBDIVNsrD9aXNWqspUe6AzKCIG0C1HZZLqLV7qpOBGA==",
      "peer": true,
      "dependencies": {
        "loose-envify": "^1.1.0",
        "object-assign": "^4.1.1",
        "scheduler": "^0.20.2"
      },
      "peerDependencies": {
        "react": "17.0.2"
      }
    },
    "node_modules/scheduler": {
      "version": "0.20.2",
      "resolved": "https://registry.npmjs.org/scheduler/-/scheduler-0.20.2.tgz",
      "integrity": "sha512-2eWfGgAqqWFGqtdMmcL5zCMK1U8KlXv8SQFGglL3CEtd0aDVDWgeF/YoCmvln55m5zSk3J/20hTaSBeSObsQDQ==",
      "peer": true,
      "dependencies": {
        "loose-envify": "^1.1.0",
        "object-assign": "^4.1.1"
      }
    }
  },
  "dependencies": {
    "@react-spring/animated": {
      "version": "9.4.4",
      "resolved": "https://registry.npmjs.org/@react-spring/animated/-/animated-9.4.4.tgz",
      "integrity": "sha512-e9xnuBaUTD+NolKikUmrGWjX8AVCPyj1GcEgjgq9E+0sXKv46UY7cm2EmB6mUDTxWIDVKebARY++xT4nGDraBQ==",
      "requires": {
        "@react-spring/shared": "~9.4.4",
        "@react-spring/types": "~9.4.4"
      }
    },
    "@react-spring/core": {
      "version": "9.4.4",
      "resolved": "https://registry.npmjs.org/@react-spring/core/-/core-9.4.4.tgz",
      "integrity": "sha512-llgb0ljFyjMB0JhWsaFHOi9XFT8n1jBMVs1IFY2ipIBerWIRWrgUmIpakLPHTa4c4jwqTaDSwX90s2a0iN7dxQ==",
      "requires": {
        "@react-spring/animated": "~9.4.4",
        "@react-spring/rafz": "~9.4.4",
        "@react-spring/shared": "~9.4.4",
        "@react-spring/types": "~9.4.4"
      }
    },
    "@react-spring/parallax": {
      "version": "9.4.4",
      "resolved": "https://registry.npmjs.org/@react-spring/parallax/-/parallax-9.4.4.tgz",
      "integrity": "sha512-Sr9XlrTVOU6pUKEvRfD6gcFGxY5P/9ufNCK7iB6zmMnoocYLYUr/4oBqWauc+DJeHNWtfNJjBINzwvg0x2cN1A==",
      "requires": {
        "@react-spring/shared": "~9.4.4",
        "@react-spring/web": "~9.4.4"
      }
    },
    "@react-spring/rafz": {
      "version": "9.4.4",
      "resolved": "https://registry.npmjs.org/@react-spring/rafz/-/rafz-9.4.4.tgz",
      "integrity": "sha512-5ki/sQ06Mdf8AuFstSt5zbNNicRT4LZogiJttDAww1ozhuvemafNWEHxhzcULgCPCDu2s7HsroaISV7+GQWrhw=="
    },
    "@react-spring/shared": {
      "version": "9.4.4",
      "resolved": "https://registry.npmjs.org/@react-spring/shared/-/shared-9.4.4.tgz",
      "integrity": "sha512-ySVgScDZlhm/+Iy2smY9i/DDrShArY0j6zjTS/Re1lasKnhq8qigoGiAxe8xMPJNlCaj3uczCqHy3TY9bKRtfQ==",
      "requires": {
        "@react-spring/rafz": "~9.4.4",
        "@react-spring/types": "~9.4.4"
      }
    },
    "@react-spring/types": {
      "version": "9.4.4",
      "resolved": "https://registry.npmjs.org/@react-spring/types/-/types-9.4.4.tgz",
      "integrity": "sha512-KpxKt/D//q/t/6FBcde/RE36LKp8PpWu7kFEMLwpzMGl9RpcexunmYOQJWwmJWtkQjgE1YRr7DzBMryz6La1cQ=="
    },
    "@react-spring/web": {
      "version": "9.4.4",
      "resolved": "https://registry.npmjs.org/@react-spring/web/-/web-9.4.4.tgz",
      "integrity": "sha512-iJmOLdhcuizriUlu/xqBc5y8KaFts+UI+iC+GxyTwBtzxA9czKiSAZW2ESuhG8stafa3jncwjfTQQp84KN36cw==",
      "requires": {
        "@react-spring/animated": "~9.4.4",
        "@react-spring/core": "~9.4.4",
        "@react-spring/shared": "~9.4.4",
        "@react-spring/types": "~9.4.4"
      }
    },
    "js-tokens": {
      "version": "4.0.0",
      "resolved": "https://registry.npmjs.org/js-tokens/-/js-tokens-4.0.0.tgz",
      "integrity": "sha512-RdJUflcE3cUzKiMqQgsCu06FPu9UdIJO0beYbPhHN4k6apgJtifcoCtT9bcxOpYBtpD2kCM6Sbzg4CausW/PKQ==",
      "peer": true
    },
    "loose-envify": {
      "version": "1.4.0",
      "resolved": "https://registry.npmjs.org/loose-envify/-/loose-envify-1.4.0.tgz",
      "integrity": "sha512-lyuxPGr/Wfhrlem2CL/UcnUc1zcqKAImBDzukY7Y5F/yQiNdko6+fRLevlw1HgMySw7f611UIY408EtxRSoK3Q==",
      "peer": true,
      "requires": {
        "js-tokens": "^3.0.0 || ^4.0.0"
      }
    },
    "object-assign": {
      "version": "4.1.1",
      "resolved": "https://registry.npmjs.org/object-assign/-/object-assign-4.1.1.tgz",
      "integrity": "sha1-IQmtx5ZYh8/AXLvUQsrIv7s2CGM=",
      "peer": true
    },
    "react": {
      "version": "17.0.2",
      "resolved": "https://registry.npmjs.org/react/-/react-17.0.2.tgz",
      "integrity": "sha512-gnhPt75i/dq/z3/6q/0asP78D0u592D5L1pd7M8P+dck6Fu/jJeL6iVVK23fptSUZj8Vjf++7wXA8UNclGQcbA==",
      "peer": true,
      "requires": {
        "loose-envify": "^1.1.0",
        "object-assign": "^4.1.1"
      }
    },
    "react-dom": {
      "version": "17.0.2",
      "resolved": "https://registry.npmjs.org/react-dom/-/react-dom-17.0.2.tgz",
      "integrity": "sha512-s4h96KtLDUQlsENhMn1ar8t2bEa+q/YAtj8pPPdIjPDGBDIVNsrD9aXNWqspUe6AzKCIG0C1HZZLqLV7qpOBGA==",
      "peer": true,
      "requires": {
        "loose-envify": "^1.1.0",
        "object-assign": "^4.1.1",
        "scheduler": "^0.20.2"
      }
    },
    "scheduler": {
      "version": "0.20.2",
      "resolved": "https://registry.npmjs.org/scheduler/-/scheduler-0.20.2.tgz",
      "integrity": "sha512-2eWfGgAqqWFGqtdMmcL5zCMK1U8KlXv8SQFGglL3CEtd0aDVDWgeF/YoCmvln55m5zSk3J/20hTaSBeSObsQDQ==",
      "peer": true,
      "requires": {
        "loose-envify": "^1.1.0",
        "object-assign": "^4.1.1"
      }
    }
  }
}
